
Microsoft Visual Studio Solution File, Format Version 12.00
# Visual Studio 15
VisualStudioVersion = 15.0.28307.1082
MinimumVisualStudioVersion = 10.0.40219.1
Project("{FAE04EC0-301F-11D3-BF4B-00C04F79EFBC}") = "Maze Solver", "Maze Solver\Maze Solver.csproj", "{EA1B5854-A077-4E62-BBD9-07FD74918A20}"
EndProject
Global
	GlobalSection(SolutionConfigurationPlatforms) = preSolution
		Debug|Any CPU = Debug|Any CPU
		Release|Any CPU = Release|Any CPU
	EndGlobalSection
	GlobalSection(ProjectConfigurationPlatforms) = postSolution
		{EA1B5854-A077-4E62-BBD9-07FD74918A20}.Debug|Any CPU.ActiveCfg = Debug|Any CPU
		{EA1B5854-A077-4E62-BBD9-07FD74918A20}.Debug|Any CPU.Build.0 = Debug|Any CPU
		{EA1B5854-A077-4E62-BBD9-07FD74918A20}.Release|Any CPU.ActiveCfg = Release|Any CPU
		{EA1B5854-A077-4E62-BBD9-07FD74918A20}.Release|Any CPU.Build.0 = Release|Any CPU
	EndGlobalSection
	GlobalSection(SolutionProperties) = preSolution
		HideSolutionNode = FALSE
	EndGlobalSection
	GlobalSection(ExtensibilityGlobals) = postSolution
		SolutionGuid = {296789AB-2B62-426C-85E8-A442807DD9F0}
	EndGlobalSection
EndGlobal
